
Microsoft Visual Studio Solution File, Format Version 12.00
# Visual Studio Version 16
VisualStudioVersion = 16.0.30011.22
MinimumVisualStudioVersion = 10.0.40219.1
Project("{9A19103F-16F7-4668-BE54-9A1E7A4F7556}") = "WebApplication1", "WebApplication1.csproj", "{D5E0B823-0201-4865-9EF1-A5017F422EED}"
EndProject
Project("{2150E333-8FDC-42A3-9474-1A3956D46DE8}") = "Solution Items", "Solution Items", "{0F0CBFA1-855B-4249-8A7E-BCD189AD8EB2}"
	ProjectSection(SolutionItems) = preProject
		.editorconfig = .editorconfig
	EndProjectSection
EndProject
Project("{FAE04EC0-301F-11D3-BF4B-00C04F79EFBC}") = "Repositories", "..\Repositories\Repositories.csproj", "{98B84E3C-9659-429C-AE7C-3D0757497FB7}"
EndProject
Global
	GlobalSection(SolutionConfigurationPlatforms) = preSolution
		Debug|Any CPU = Debug|Any CPU
		Release|Any CPU = Release|Any CPU
	EndGlobalSection
	GlobalSection(ProjectConfigurationPlatforms) = postSolution
		{D5E0B823-0201-4865-9EF1-A5017F422EED}.Debug|Any CPU.ActiveCfg = Debug|Any CPU
		{D5E0B823-0201-4865-9EF1-A5017F422EED}.Debug|Any CPU.Build.0 = Debug|Any CPU
		{D5E0B823-0201-4865-9EF1-A5017F422EED}.Release|Any CPU.ActiveCfg = Release|Any CPU
		{D5E0B823-0201-4865-9EF1-A5017F422EED}.Release|Any CPU.Build.0 = Release|Any CPU
		{98B84E3C-9659-429C-AE7C-3D0757497FB7}.Debug|Any CPU.ActiveCfg = Debug|Any CPU
		{98B84E3C-9659-429C-AE7C-3D0757497FB7}.Debug|Any CPU.Build.0 = Debug|Any CPU
		{98B84E3C-9659-429C-AE7C-3D0757497FB7}.Release|Any CPU.ActiveCfg = Release|Any CPU
		{98B84E3C-9659-429C-AE7C-3D0757497FB7}.Release|Any CPU.Build.0 = Release|Any CPU
	EndGlobalSection
	GlobalSection(SolutionProperties) = preSolution
		HideSolutionNode = FALSE
	EndGlobalSection
	GlobalSection(ExtensibilityGlobals) = postSolution
		SolutionGuid = {27C410B9-1AFE-4414-B9C8-43F97E020013}
	EndGlobalSection
EndGlobal
